// !$*UTF8*$!
{
	archiveVersion = 1;
	classes = {
	};
	objectVersion = 46;
	objects = {

/* Begin PBXBuildFile section */
		938FEA48A1354FA712A94959 /* Pods_logadog.framework in Frameworks */ = {isa = PBXBuildFile; fileRef = CC3E7A02AAD3C347AD062F10 /* Pods_logadog.framework */; };
		AF3A6F911CD7577C001ED9D8 /* TokenHelper.swift in Sources */ = {isa = PBXBuildFile; fileRef = AF3A6F901CD7577C001ED9D8 /* TokenHelper.swift */; };
		AF3A6F931CD7581F001ED9D8 /* Api.swift in Sources */ = {isa = PBXBuildFile; fileRef = AF3A6F921CD7581F001ED9D8 /* Api.swift */; };
		AF3A6F951CD7893F001ED9D8 /* Constants.swift in Sources */ = {isa = PBXBuildFile; fileRef = AF3A6F941CD7893F001ED9D8 /* Constants.swift */; };
		AF3A6F9B1CDA0C1D001ED9D8 /* SWRevealViewController.m in Sources */ = {isa = PBXBuildFile; fileRef = AF3A6F9A1CDA0C1D001ED9D8 /* SWRevealViewController.m */; };
		AF3A6F9F1CDA1934001ED9D8 /* MenuTableViewController.swift in Sources */ = {isa = PBXBuildFile; fileRef = AF3A6F9E1CDA1934001ED9D8 /* MenuTableViewController.swift */; };
		AFAC88491CD23C8E000F811A /* StartViewController.swift in Sources */ = {isa = PBXBuildFile; fileRef = AFAC88481CD23C8E000F811A /* StartViewController.swift */; };
		AFAC884B1CD24798000F811A /* DogsTableViewController.swift in Sources */ = {isa = PBXBuildFile; fileRef = AFAC884A1CD24798000F811A /* DogsTableViewController.swift */; };
		AFAC884E1CD341BB000F811A /* jsonHandler.swift in Sources */ = {isa = PBXBuildFile; fileRef = AFAC884D1CD341BB000F811A /* jsonHandler.swift */; };
		AFAC88511CD3498C000F811A /* Messages.swift in Sources */ = {isa = PBXBuildFile; fileRef = AFAC88501CD3498C000F811A /* Messages.swift */; };
		AFAC88531CD34999000F811A /* Colors.swift in Sources */ = {isa = PBXBuildFile; fileRef = AFAC88521CD34999000F811A /* Colors.swift */; };
		AFAC88551CD35045000F811A /* Dog.swift in Sources */ = {isa = PBXBuildFile; fileRef = AFAC88541CD35045000F811A /* Dog.swift */; };
		AFB7EDC81CCF672D00D1AFE9 /* LoginViewController.swift in Sources */ = {isa = PBXBuildFile; fileRef = AFB7EDC71CCF672D00D1AFE9 /* LoginViewController.swift */; };
		AFB7EDCB1CCF67CE00D1AFE9 /* ApplicationSettings.swift in Sources */ = {isa = PBXBuildFile; fileRef = AFB7EDCA1CCF67CE00D1AFE9 /* ApplicationSettings.swift */; };
		AFB7EDD01CCF9CB300D1AFE9 /* CreateDogViewController.swift in Sources */ = {isa = PBXBuildFile; fileRef = AFB7EDCF1CCF9CB300D1AFE9 /* CreateDogViewController.swift */; };
		AFE66C791CCA122A000931E9 /* AppDelegate.swift in Sources */ = {isa = PBXBuildFile; fileRef = AFE66C781CCA122A000931E9 /* AppDelegate.swift */; };
		AFE66C7B1CCA122A000931E9 /* SignupViewController.swift in Sources */ = {isa = PBXBuildFile; fileRef = AFE66C7A1CCA122A000931E9 /* SignupViewController.swift */; };
		AFE66C7E1CCA122A000931E9 /* Main.storyboard in Resources */ = {isa = PBXBuildFile; fileRef = AFE66C7C1CCA122A000931E9 /* Main.storyboard */; };
		AFE66C801CCA122A000931E9 /* Assets.xcassets in Resources */ = {isa = PBXBuildFile; fileRef = AFE66C7F1CCA122A000931E9 /* Assets.xcassets */; };
		AFE66C831CCA122A000931E9 /* LaunchScreen.storyboard in Resources */ = {isa = PBXBuildFile; fileRef = AFE66C811CCA122A000931E9 /* LaunchScreen.storyboard */; };
		AFE66C8E1CCA122A000931E9 /* logadogTests.swift in Sources */ = {isa = PBXBuildFile; fileRef = AFE66C8D1CCA122A000931E9 /* logadogTests.swift */; };
/* End PBXBuildFile section */

/* Begin PBXContainerItemProxy section */
		AFE66C8A1CCA122A000931E9 /* PBXContainerItemProxy */ = {
			isa = PBXContainerItemProxy;
			containerPortal = AFE66C6D1CCA122A000931E9 /* Project object */;
			proxyType = 1;
			remoteGlobalIDString = AFE66C741CCA122A000931E9;
			remoteInfo = logadog;
		};
/* End PBXContainerItemProxy section */

/* Begin PBXFileReference section */
		2BFEFB41F3BE9CBE1DD2AEA9 /* Pods-logadog.debug.xcconfig */ = {isa = PBXFileReference; includeInIndex = 1; lastKnownFileType = text.xcconfig; name = "Pods-logadog.debug.xcconfig"; path = "Pods/Target Support Files/Pods-logadog/Pods-logadog.debug.xcconfig"; sourceTree = "<group>"; };
		AF3A6F901CD7577C001ED9D8 /* TokenHelper.swift */ = {isa = PBXFileReference; fileEncoding = 4; lastKnownFileType = sourcecode.swift; path = TokenHelper.swift; sourceTree = "<group>"; };
		AF3A6F921CD7581F001ED9D8 /* Api.swift */ = {isa = PBXFileReference; fileEncoding = 4; lastKnownFileType = sourcecode.swift; path = Api.swift; sourceTree = "<group>"; };
		AF3A6F941CD7893F001ED9D8 /* Constants.swift */ = {isa = PBXFileReference; fileEncoding = 4; lastKnownFileType = sourcecode.swift; path = Constants.swift; sourceTree = "<group>"; };
		AF3A6F991CDA0C1D001ED9D8 /* SWRevealViewController.h */ = {isa = PBXFileReference; fileEncoding = 4; lastKnownFileType = sourcecode.c.h; path = SWRevealViewController.h; sourceTree = "<group>"; };
		AF3A6F9A1CDA0C1D001ED9D8 /* SWRevealViewController.m */ = {isa = PBXFileReference; fileEncoding = 4; lastKnownFileType = sourcecode.c.objc; path = SWRevealViewController.m; sourceTree = "<group>"; };
		AF3A6F9E1CDA1934001ED9D8 /* MenuTableViewController.swift */ = {isa = PBXFileReference; fileEncoding = 4; lastKnownFileType = sourcecode.swift; path = MenuTableViewController.swift; sourceTree = "<group>"; };
		AFAC88481CD23C8E000F811A /* StartViewController.swift */ = {isa = PBXFileReference; fileEncoding = 4; lastKnownFileType = sourcecode.swift; path = StartViewController.swift; sourceTree = "<group>"; };
		AFAC884A1CD24798000F811A /* DogsTableViewController.swift */ = {isa = PBXFileReference; fileEncoding = 4; lastKnownFileType = sourcecode.swift; path = DogsTableViewController.swift; sourceTree = "<group>"; };
		AFAC884D1CD341BB000F811A /* jsonHandler.swift */ = {isa = PBXFileReference; fileEncoding = 4; lastKnownFileType = sourcecode.swift; path = jsonHandler.swift; sourceTree = "<group>"; };
		AFAC88501CD3498C000F811A /* Messages.swift */ = {isa = PBXFileReference; fileEncoding = 4; lastKnownFileType = sourcecode.swift; path = Messages.swift; sourceTree = "<group>"; };
		AFAC88521CD34999000F811A /* Colors.swift */ = {isa = PBXFileReference; fileEncoding = 4; lastKnownFileType = sourcecode.swift; path = Colors.swift; sourceTree = "<group>"; };
		AFAC88541CD35045000F811A /* Dog.swift */ = {isa = PBXFileReference; fileEncoding = 4; lastKnownFileType = sourcecode.swift; path = Dog.swift; sourceTree = "<group>"; };
		AFB7EDC71CCF672D00D1AFE9 /* LoginViewController.swift */ = {isa = PBXFileReference; fileEncoding = 4; lastKnownFileType = sourcecode.swift; path = LoginViewController.swift; sourceTree = "<group>"; };
		AFB7EDCA1CCF67CE00D1AFE9 /* ApplicationSettings.swift */ = {isa = PBXFileReference; fileEncoding = 4; lastKnownFileType = sourcecode.swift; path = ApplicationSettings.swift; sourceTree = "<group>"; };
		AFB7EDCC1CCF98E900D1AFE9 /* Authentication.playground */ = {isa = PBXFileReference; lastKnownFileType = file.playground; path = Authentication.playground; sourceTree = "<group>"; };
		AFB7EDCF1CCF9CB300D1AFE9 /* CreateDogViewController.swift */ = {isa = PBXFileReference; fileEncoding = 4; lastKnownFileType = sourcecode.swift; path = CreateDogViewController.swift; sourceTree = "<group>"; };
		AFE66C751CCA122A000931E9 /* logadog.app */ = {isa = PBXFileReference; explicitFileType = wrapper.application; includeInIndex = 0; path = logadog.app; sourceTree = BUILT_PRODUCTS_DIR; };
		AFE66C781CCA122A000931E9 /* AppDelegate.swift */ = {isa = PBXFileReference; lastKnownFileType = sourcecode.swift; path = AppDelegate.swift; sourceTree = "<group>"; };
		AFE66C7A1CCA122A000931E9 /* SignupViewController.swift */ = {isa = PBXFileReference; lastKnownFileType = sourcecode.swift; path = SignupViewController.swift; sourceTree = "<group>"; };
		AFE66C7D1CCA122A000931E9 /* Base */ = {isa = PBXFileReference; lastKnownFileType = file.storyboard; name = Base; path = Base.lproj/Main.storyboard; sourceTree = "<group>"; };
		AFE66C7F1CCA122A000931E9 /* Assets.xcassets */ = {isa = PBXFileReference; lastKnownFileType = folder.assetcatalog; path = Assets.xcassets; sourceTree = "<group>"; };
		AFE66C821CCA122A000931E9 /* Base */ = {isa = PBXFileReference; lastKnownFileType = file.storyboard; name = Base; path = Base.lproj/LaunchScreen.storyboard; sourceTree = "<group>"; };
		AFE66C841CCA122A000931E9 /* Info.plist */ = {isa = PBXFileReference; lastKnownFileType = text.plist.xml; path = Info.plist; sourceTree = "<group>"; };
		AFE66C891CCA122A000931E9 /* logadogTests.xctest */ = {isa = PBXFileReference; explicitFileType = wrapper.cfbundle; includeInIndex = 0; path = logadogTests.xctest; sourceTree = BUILT_PRODUCTS_DIR; };
		AFE66C8D1CCA122A000931E9 /* logadogTests.swift */ = {isa = PBXFileReference; lastKnownFileType = sourcecode.swift; path = logadogTests.swift; sourceTree = "<group>"; };
		AFE66C8F1CCA122A000931E9 /* Info.plist */ = {isa = PBXFileReference; lastKnownFileType = text.plist.xml; path = Info.plist; sourceTree = "<group>"; };
		AFE66C991CCA3A9E000931E9 /* logadog-Bridging-Header.h */ = {isa = PBXFileReference; lastKnownFileType = sourcecode.c.h; path = "logadog-Bridging-Header.h"; sourceTree = "<group>"; };
		BFF60E7ABA4A9AC050C2D95E /* Pods-logadog.release.xcconfig */ = {isa = PBXFileReference; includeInIndex = 1; lastKnownFileType = text.xcconfig; name = "Pods-logadog.release.xcconfig"; path = "Pods/Target Support Files/Pods-logadog/Pods-logadog.release.xcconfig"; sourceTree = "<group>"; };
		CC3E7A02AAD3C347AD062F10 /* Pods_logadog.framework */ = {isa = PBXFileReference; explicitFileType = wrapper.framework; includeInIndex = 0; path = Pods_logadog.framework; sourceTree = BUILT_PRODUCTS_DIR; };
/* End PBXFileReference section */

/* Begin PBXFrameworksBuildPhase section */
		AFE66C721CCA122A000931E9 /* Frameworks */ = {
			isa = PBXFrameworksBuildPhase;
			buildActionMask = 2147483647;
			files = (
				938FEA48A1354FA712A94959 /* Pods_logadog.framework in Frameworks */,
			);
			runOnlyForDeploymentPostprocessing = 0;
		};
		AFE66C861CCA122A000931E9 /* Frameworks */ = {
			isa = PBXFrameworksBuildPhase;
			buildActionMask = 2147483647;
			files = (
			);
			runOnlyForDeploymentPostprocessing = 0;
		};
/* End PBXFrameworksBuildPhase section */

/* Begin PBXGroup section */
		051A737611DC8BFF0DC8C764 /* Frameworks */ = {
			isa = PBXGroup;
			children = (
				CC3E7A02AAD3C347AD062F10 /* Pods_logadog.framework */,
			);
			name = Frameworks;
			sourceTree = "<group>";
		};
		8EDB3EDFC432FCF923972DA4 /* Pods */ = {
			isa = PBXGroup;
			children = (
				2BFEFB41F3BE9CBE1DD2AEA9 /* Pods-logadog.debug.xcconfig */,
				BFF60E7ABA4A9AC050C2D95E /* Pods-logadog.release.xcconfig */,
			);
			name = Pods;
			sourceTree = "<group>";
		};
		AF3A6F981CD9F7B0001ED9D8 /* models */ = {
			isa = PBXGroup;
			children = (
				AFAC88541CD35045000F811A /* Dog.swift */,
			);
			name = models;
			sourceTree = "<group>";
		};
		AFAC884C1CD341A2000F811A /* helpers */ = {
			isa = PBXGroup;
			children = (
				AFAC884D1CD341BB000F811A /* jsonHandler.swift */,
				AF3A6F901CD7577C001ED9D8 /* TokenHelper.swift */,
			);
			name = helpers;
			sourceTree = "<group>";
		};
		AFAC884F1CD34970000F811A /* settings */ = {
			isa = PBXGroup;
			children = (
				AFB7EDCA1CCF67CE00D1AFE9 /* ApplicationSettings.swift */,
				AFAC88501CD3498C000F811A /* Messages.swift */,
				AFAC88521CD34999000F811A /* Colors.swift */,
				AF3A6F921CD7581F001ED9D8 /* Api.swift */,
				AF3A6F941CD7893F001ED9D8 /* Constants.swift */,
			);
			name = settings;
			sourceTree = "<group>";
		};
		AFB7EDC61CCF66FC00D1AFE9 /* controllers */ = {
			isa = PBXGroup;
			children = (
				AFE66C7A1CCA122A000931E9 /* SignupViewController.swift */,
				AFB7EDC71CCF672D00D1AFE9 /* LoginViewController.swift */,
				AFB7EDCF1CCF9CB300D1AFE9 /* CreateDogViewController.swift */,
				AFAC88481CD23C8E000F811A /* StartViewController.swift */,
				AFAC884A1CD24798000F811A /* DogsTableViewController.swift */,
				AF3A6F9E1CDA1934001ED9D8 /* MenuTableViewController.swift */,
			);
			name = controllers;
			sourceTree = "<group>";
		};
		AFE66C6C1CCA122A000931E9 = {
			isa = PBXGroup;
			children = (
				AFB7EDCC1CCF98E900D1AFE9 /* Authentication.playground */,
				AFE66C771CCA122A000931E9 /* logadog */,
				AFE66C8C1CCA122A000931E9 /* logadogTests */,
				AFE66C761CCA122A000931E9 /* Products */,
				8EDB3EDFC432FCF923972DA4 /* Pods */,
				051A737611DC8BFF0DC8C764 /* Frameworks */,
			);
			sourceTree = "<group>";
		};
		AFE66C761CCA122A000931E9 /* Products */ = {
			isa = PBXGroup;
			children = (
				AFE66C751CCA122A000931E9 /* logadog.app */,
				AFE66C891CCA122A000931E9 /* logadogTests.xctest */,
			);
			name = Products;
			sourceTree = "<group>";
		};
		AFE66C771CCA122A000931E9 /* logadog */ = {
			isa = PBXGroup;
			children = (
				AF3A6F981CD9F7B0001ED9D8 /* models */,
				AFE66C781CCA122A000931E9 /* AppDelegate.swift */,
				AFAC884F1CD34970000F811A /* settings */,
				AFAC884C1CD341A2000F811A /* helpers */,
				AFB7EDC61CCF66FC00D1AFE9 /* controllers */,
				AFE66C981CCA3A93000931E9 /* libs */,
				AFE66C7C1CCA122A000931E9 /* Main.storyboard */,
				AFE66C7F1CCA122A000931E9 /* Assets.xcassets */,
				AFE66C811CCA122A000931E9 /* LaunchScreen.storyboard */,
				AFE66C841CCA122A000931E9 /* Info.plist */,
			);
			path = logadog;
			sourceTree = "<group>";
		};
		AFE66C8C1CCA122A000931E9 /* logadogTests */ = {
			isa = PBXGroup;
			children = (
				AFE66C8D1CCA122A000931E9 /* logadogTests.swift */,
				AFE66C8F1CCA122A000931E9 /* Info.plist */,
			);
			path = logadogTests;
			sourceTree = "<group>";
		};
		AFE66C981CCA3A93000931E9 /* libs */ = {
			isa = PBXGroup;
			children = (
				AF3A6F991CDA0C1D001ED9D8 /* SWRevealViewController.h */,
				AF3A6F9A1CDA0C1D001ED9D8 /* SWRevealViewController.m */,
				AFE66C991CCA3A9E000931E9 /* logadog-Bridging-Header.h */,
			);
			name = libs;
			sourceTree = "<group>";
		};
/* End PBXGroup section */

/* Begin PBXNativeTarget section */
		AFE66C741CCA122A000931E9 /* logadog */ = {
			isa = PBXNativeTarget;
			buildConfigurationList = AFE66C921CCA122A000931E9 /* Build configuration list for PBXNativeTarget "logadog" */;
			buildPhases = (
				9386006646B6B3B55165D16A /* Check Pods Manifest.lock */,
				AFE66C711CCA122A000931E9 /* Sources */,
				AFE66C721CCA122A000931E9 /* Frameworks */,
				AFE66C731CCA122A000931E9 /* Resources */,
				746523EA0139E6DC8A977291 /* Embed Pods Frameworks */,
				8762720819281BFA692CA4B3 /* Copy Pods Resources */,
			);
			buildRules = (
			);
			dependencies = (
			);
			name = logadog;
			productName = logadog;
			productReference = AFE66C751CCA122A000931E9 /* logadog.app */;
			productType = "com.apple.product-type.application";
		};
		AFE66C881CCA122A000931E9 /* logadogTests */ = {
			isa = PBXNativeTarget;
			buildConfigurationList = AFE66C951CCA122A000931E9 /* Build configuration list for PBXNativeTarget "logadogTests" */;
			buildPhases = (
				AFE66C851CCA122A000931E9 /* Sources */,
				AFE66C861CCA122A000931E9 /* Frameworks */,
				AFE66C871CCA122A000931E9 /* Resources */,
			);
			buildRules = (
			);
			dependencies = (
				AFE66C8B1CCA122A000931E9 /* PBXTargetDependency */,
			);
			name = logadogTests;
			productName = logadogTests;
			productReference = AFE66C891CCA122A000931E9 /* logadogTests.xctest */;
			productType = "com.apple.product-type.bundle.unit-test";
		};
/* End PBXNativeTarget section */

/* Begin PBXProject section */
		AFE66C6D1CCA122A000931E9 /* Project object */ = {
			isa = PBXProject;
			attributes = {
				LastSwiftUpdateCheck = 0720;
				LastUpgradeCheck = 0720;
				ORGANIZATIONNAME = "Henrik Fogelberg";
				TargetAttributes = {
					AFE66C741CCA122A000931E9 = {
						CreatedOnToolsVersion = 7.2.1;
						DevelopmentTeam = 53LFDNJTBE;
					};
					AFE66C881CCA122A000931E9 = {
						CreatedOnToolsVersion = 7.2.1;
						DevelopmentTeam = 53LFDNJTBE;
						TestTargetID = AFE66C741CCA122A000931E9;
					};
				};
			};
			buildConfigurationList = AFE66C701CCA122A000931E9 /* Build configuration list for PBXProject "logadog" */;
			compatibilityVersion = "Xcode 3.2";
			developmentRegion = English;
			hasScannedForEncodings = 0;
			knownRegions = (
				en,
				Base,
			);
			mainGroup = AFE66C6C1CCA122A000931E9;
			productRefGroup = AFE66C761CCA122A000931E9 /* Products */;
			projectDirPath = "";
			projectRoot = "";
			targets = (
				AFE66C741CCA122A000931E9 /* logadog */,
				AFE66C881CCA122A000931E9 /* logadogTests */,
			);
		};
/* End PBXProject section */

/* Begin PBXResourcesBuildPhase section */
		AFE66C731CCA122A000931E9 /* Resources */ = {
			isa = PBXResourcesBuildPhase;
			buildActionMask = 2147483647;
			files = (
				AFE66C831CCA122A000931E9 /* LaunchScreen.storyboard in Resources */,
				AFE66C801CCA122A000931E9 /* Assets.xcassets in Resources */,
				AFE66C7E1CCA122A000931E9 /* Main.storyboard in Resources */,
			);
			runOnlyForDeploymentPostprocessing = 0;
		};
		AFE66C871CCA122A000931E9 /* Resources */ = {
			isa = PBXResourcesBuildPhase;
			buildActionMask = 2147483647;
			files = (
			);
			runOnlyForDeploymentPostprocessing = 0;
		};
/* End PBXResourcesBuildPhase section */

/* Begin PBXShellScriptBuildPhase section */
		746523EA0139E6DC8A977291 /* Embed Pods Frameworks */ = {
			isa = PBXShellScriptBuildPhase;
			buildActionMask = 2147483647;
			files = (
			);
			inputPaths = (
			);
			name = "Embed Pods Frameworks";
			outputPaths = (
			);
			runOnlyForDeploymentPostprocessing = 0;
			shellPath = /bin/sh;
			shellScript = "\"${SRCROOT}/Pods/Target Support Files/Pods-logadog/Pods-logadog-frameworks.sh\"\n";
			showEnvVarsInLog = 0;
		};
		8762720819281BFA692CA4B3 /* Copy Pods Resources */ = {
			isa = PBXShellScriptBuildPhase;
			buildActionMask = 2147483647;
			files = (
			);
			inputPaths = (
			);
			name = "Copy Pods Resources";
			outputPaths = (
			);
			runOnlyForDeploymentPostprocessing = 0;
			shellPath = /bin/sh;
			shellScript = "\"${SRCROOT}/Pods/Target Support Files/Pods-logadog/Pods-logadog-resources.sh\"\n";
			showEnvVarsInLog = 0;
		};
		9386006646B6B3B55165D16A /* Check Pods Manifest.lock */ = {
			isa = PBXShellScriptBuildPhase;
			buildActionMask = 2147483647;
			files = (
			);
			inputPaths = (
			);
			name = "Check Pods Manifest.lock";
			outputPaths = (
			);
			runOnlyForDeploymentPostprocessing = 0;
			shellPath = /bin/sh;
			shellScript = "diff \"${PODS_ROOT}/../Podfile.lock\" \"${PODS_ROOT}/Manifest.lock\" > /dev/null\nif [[ $? != 0 ]] ; then\n    cat << EOM\nerror: The sandbox is not in sync with the Podfile.lock. Run 'pod install' or update your CocoaPods installation.\nEOM\n    exit 1\nfi\n";
			showEnvVarsInLog = 0;
		};
/* End PBXShellScriptBuildPhase section */

/* Begin PBXSourcesBuildPhase section */
		AFE66C711CCA122A000931E9 /* Sources */ = {
			isa = PBXSourcesBuildPhase;
			buildActionMask = 2147483647;
			files = (
				AFB7EDC81CCF672D00D1AFE9 /* LoginViewController.swift in Sources */,
				AFAC88531CD34999000F811A /* Colors.swift in Sources */,
				AF3A6F9B1CDA0C1D001ED9D8 /* SWRevealViewController.m in Sources */,
				AFAC88551CD35045000F811A /* Dog.swift in Sources */,
				AF3A6F9F1CDA1934001ED9D8 /* MenuTableViewController.swift in Sources */,
				AFAC88491CD23C8E000F811A /* StartViewController.swift in Sources */,
				AFB7EDD01CCF9CB300D1AFE9 /* CreateDogViewController.swift in Sources */,
				AF3A6F951CD7893F001ED9D8 /* Constants.swift in Sources */,
				AFAC884B1CD24798000F811A /* DogsTableViewController.swift in Sources */,
				AFE66C7B1CCA122A000931E9 /* SignupViewController.swift in Sources */,
				AFE66C791CCA122A000931E9 /* AppDelegate.swift in Sources */,
				AFAC88511CD3498C000F811A /* Messages.swift in Sources */,
				AFB7EDCB1CCF67CE00D1AFE9 /* ApplicationSettings.swift in Sources */,
				AFAC884E1CD341BB000F811A /* jsonHandler.swift in Sources */,
				AF3A6F931CD7581F001ED9D8 /* Api.swift in Sources */,
				AF3A6F911CD7577C001ED9D8 /* TokenHelper.swift in Sources */,
			);
			runOnlyForDeploymentPostprocessing = 0;
		};
		AFE66C851CCA122A000931E9 /* Sources */ = {
			isa = PBXSourcesBuildPhase;
			buildActionMask = 2147483647;
			files = (
				AFE66C8E1CCA122A000931E9 /* logadogTests.swift in Sources */,
			);
			runOnlyForDeploymentPostprocessing = 0;
		};
/* End PBXSourcesBuildPhase section */

/* Begin PBXTargetDependency section */
		AFE66C8B1CCA122A000931E9 /* PBXTargetDependency */ = {
			isa = PBXTargetDependency;
			target = AFE66C741CCA122A000931E9 /* logadog */;
			targetProxy = AFE66C8A1CCA122A000931E9 /* PBXContainerItemProxy */;
		};
/* End PBXTargetDependency section */

/* Begin PBXVariantGroup section */
		AFE66C7C1CCA122A000931E9 /* Main.storyboard */ = {
			isa = PBXVariantGroup;
			children = (
				AFE66C7D1CCA122A000931E9 /* Base */,
			);
			name = Main.storyboard;
			sourceTree = "<group>";
		};
		AFE66C811CCA122A000931E9 /* LaunchScreen.storyboard */ = {
			isa = PBXVariantGroup;
			children = (
				AFE66C821CCA122A000931E9 /* Base */,
			);
			name = LaunchScreen.storyboard;
			sourceTree = "<group>";
		};
/* End PBXVariantGroup section */

/* Begin XCBuildConfiguration section */
		AFE66C901CCA122A000931E9 /* Debug */ = {
			isa = XCBuildConfiguration;
			buildSettings = {
				ALWAYS_SEARCH_USER_PATHS = NO;
				CLANG_CXX_LANGUAGE_STANDARD = "gnu++0x";
				CLANG_CXX_LIBRARY = "libc++";
				CLANG_ENABLE_MODULES = YES;
				CLANG_ENABLE_OBJC_ARC = YES;
				CLANG_WARN_BOOL_CONVERSION = YES;
				CLANG_WARN_CONSTANT_CONVERSION = YES;
				CLANG_WARN_DIRECT_OBJC_ISA_USAGE = YES_ERROR;
				CLANG_WARN_EMPTY_BODY = YES;
				CLANG_WARN_ENUM_CONVERSION = YES;
				CLANG_WARN_INT_CONVERSION = YES;
				CLANG_WARN_OBJC_ROOT_CLASS = YES_ERROR;
				CLANG_WARN_UNREACHABLE_CODE = YES;
				CLANG_WARN__DUPLICATE_METHOD_MATCH = YES;
				"CODE_SIGN_IDENTITY[sdk=iphoneos*]" = "iPhone Developer";
				COPY_PHASE_STRIP = NO;
				DEBUG_INFORMATION_FORMAT = dwarf;
				ENABLE_STRICT_OBJC_MSGSEND = YES;
				ENABLE_TESTABILITY = YES;
				GCC_C_LANGUAGE_STANDARD = gnu99;
				GCC_DYNAMIC_NO_PIC = NO;
				GCC_NO_COMMON_BLOCKS = YES;
				GCC_OPTIMIZATION_LEVEL = 0;
				GCC_PREPROCESSOR_DEFINITIONS = (
					"DEBUG=1",
					"$(inherited)",
				);
				GCC_WARN_64_TO_32_BIT_CONVERSION = YES;
				GCC_WARN_ABOUT_RETURN_TYPE = YES_ERROR;
				GCC_WARN_UNDECLARED_SELECTOR = YES;
				GCC_WARN_UNINITIALIZED_AUTOS = YES_AGGRESSIVE;
				GCC_WARN_UNUSED_FUNCTION = YES;
				GCC_WARN_UNUSED_VARIABLE = YES;
				IPHONEOS_DEPLOYMENT_TARGET = 9.2;
				MTL_ENABLE_DEBUG_INFO = YES;
				ONLY_ACTIVE_ARCH = YES;
				SDKROOT = iphoneos;
				SWIFT_OPTIMIZATION_LEVEL = "-Onone";
				TARGETED_DEVICE_FAMILY = "1,2";
			};
			name = Debug;
		};
		AFE66C911CCA122A000931E9 /* Release */ = {
			isa = XCBuildConfiguration;
			buildSettings = {
				ALWAYS_SEARCH_USER_PATHS = NO;
				CLANG_CXX_LANGUAGE_STANDARD = "gnu++0x";
				CLANG_CXX_LIBRARY = "libc++";
				CLANG_ENABLE_MODULES = YES;
				CLANG_ENABLE_OBJC_ARC = YES;
				CLANG_WARN_BOOL_CONVERSION = YES;
				CLANG_WARN_CONSTANT_CONVERSION = YES;
				CLANG_WARN_DIRECT_OBJC_ISA_USAGE = YES_ERROR;
				CLANG_WARN_EMPTY_BODY = YES;
				CLANG_WARN_ENUM_CONVERSION = YES;
				CLANG_WARN_INT_CONVERSION = YES;
				CLANG_WARN_OBJC_ROOT_CLASS = YES_ERROR;
				CLANG_WARN_UNREACHABLE_CODE = YES;
				CLANG_WARN__DUPLICATE_METHOD_MATCH = YES;
				"CODE_SIGN_IDENTITY[sdk=iphoneos*]" = "iPhone Developer";
				COPY_PHASE_STRIP = NO;
				DEBUG_INFORMATION_FORMAT = "dwarf-with-dsym";
				ENABLE_NS_ASSERTIONS = NO;
				ENABLE_STRICT_OBJC_MSGSEND = YES;
				GCC_C_LANGUAGE_STANDARD = gnu99;
				GCC_NO_COMMON_BLOCKS = YES;
				GCC_WARN_64_TO_32_BIT_CONVERSION = YES;
				GCC_WARN_ABOUT_RETURN_TYPE = YES_ERROR;
				GCC_WARN_UNDECLARED_SELECTOR = YES;
				GCC_WARN_UNINITIALIZED_AUTOS = YES_AGGRESSIVE;
				GCC_WARN_UNUSED_FUNCTION = YES;
				GCC_WARN_UNUSED_VARIABLE = YES;
				IPHONEOS_DEPLOYMENT_TARGET = 9.2;
				MTL_ENABLE_DEBUG_INFO = NO;
				SDKROOT = iphoneos;
				TARGETED_DEVICE_FAMILY = "1,2";
				VALIDATE_PRODUCT = YES;
			};
			name = Release;
		};
		AFE66C931CCA122A000931E9 /* Debug */ = {
			isa = XCBuildConfiguration;
			baseConfigurationReference = 2BFEFB41F3BE9CBE1DD2AEA9 /* Pods-logadog.debug.xcconfig */;
			buildSettings = {
				ASSETCATALOG_COMPILER_APPICON_NAME = AppIcon;
				CLANG_ENABLE_MODULES = YES;
				INFOPLIST_FILE = logadog/Info.plist;
				LD_RUNPATH_SEARCH_PATHS = "$(inherited) @executable_path/Frameworks";
				PRODUCT_BUNDLE_IDENTIFIER = es.islandsapps.logadog;
				PRODUCT_NAME = "$(TARGET_NAME)";
				SWIFT_OBJC_BRIDGING_HEADER = "logadog/logadog-Bridging-Header.h";
				SWIFT_OPTIMIZATION_LEVEL = "-Onone";
			};
			name = Debug;
		};
		AFE66C941CCA122A000931E9 /* Release */ = {
			isa = XCBuildConfiguration;
			baseConfigurationReference = BFF60E7ABA4A9AC050C2D95E /* Pods-logadog.release.xcconfig */;
			buildSettings = {
				ASSETCATALOG_COMPILER_APPICON_NAME = AppIcon;
				CLANG_ENABLE_MODULES = YES;
				INFOPLIST_FILE = logadog/Info.plist;
				LD_RUNPATH_SEARCH_PATHS = "$(inherited) @executable_path/Frameworks";
				PRODUCT_BUNDLE_IDENTIFIER = es.islandsapps.logadog;
				PRODUCT_NAME = "$(TARGET_NAME)";
				SWIFT_OBJC_BRIDGING_HEADER = "logadog/logadog-Bridging-Header.h";
			};
			name = Release;
		};
		AFE66C961CCA122A000931E9 /* Debug */ = {
			isa = XCBuildConfiguration;
			buildSettings = {
				BUNDLE_LOADER = "$(TEST_HOST)";
				INFOPLIST_FILE = logadogTests/Info.plist;
				LD_RUNPATH_SEARCH_PATHS = "$(inherited) @executable_path/Frameworks @loader_path/Frameworks";
				PRODUCT_BUNDLE_IDENTIFIER = es.islandsapps.logadogTests;
				PRODUCT_NAME = "$(TARGET_NAME)";
				TEST_HOST = "$(BUILT_PRODUCTS_DIR)/logadog.app/logadog";
			};
			name = Debug;
		};
		AFE66C971CCA122A000931E9 /* Release */ = {
			isa = XCBuildConfiguration;
			buildSettings = {
				BUNDLE_LOADER = "$(TEST_HOST)";
				INFOPLIST_FILE = logadogTests/Info.plist;
				LD_RUNPATH_SEARCH_PATHS = "$(inherited) @executable_path/Frameworks @loader_path/Frameworks";
				PRODUCT_BUNDLE_IDENTIFIER = es.islandsapps.logadogTests;
				PRODUCT_NAME = "$(TARGET_NAME)";
				TEST_HOST = "$(BUILT_PRODUCTS_DIR)/logadog.app/logadog";
			};
			name = Release;
		};
/* End XCBuildConfiguration section */

/* Begin XCConfigurationList section */
		AFE66C701CCA122A000931E9 /* Build configuration list for PBXProject "logadog" */ = {
			isa = XCConfigurationList;
			buildConfigurations = (
				AFE66C901CCA122A000931E9 /* Debug */,
				AFE66C911CCA122A000931E9 /* Release */,
			);
			defaultConfigurationIsVisible = 0;
			defaultConfigurationName = Release;
		};
		AFE66C921CCA122A000931E9 /* Build configuration list for PBXNativeTarget "logadog" */ = {
			isa = XCConfigurationList;
			buildConfigurations = (
				AFE66C931CCA122A000931E9 /* Debug */,
				AFE66C941CCA122A000931E9 /* Release */,
			);
			defaultConfigurationIsVisible = 0;
			defaultConfigurationName = Release;
		};
		AFE66C951CCA122A000931E9 /* Build configuration list for PBXNativeTarget "logadogTests" */ = {
			isa = XCConfigurationList;
			buildConfigurations = (
				AFE66C961CCA122A000931E9 /* Debug */,
				AFE66C971CCA122A000931E9 /* Release */,
			);
			defaultConfigurationIsVisible = 0;
			defaultConfigurationName = Release;
		};
/* End XCConfigurationList section */
	};
	rootObject = AFE66C6D1CCA122A000931E9 /* Project object */;
}
