// !$*UTF8*$!
{
	archiveVersion = 1;
	classes = {
	};
	objectVersion = 46;
	objects = {

/* Begin PBXBuildFile section */
		07F292B9CE51B3E936688A44 /* Pods_Logadog.framework in Frameworks */ = {isa = PBXBuildFile; fileRef = CA07CBE447803FE19E17AFB2 /* Pods_Logadog.framework */; };
		AF278C6B1D0084FC004D085D /* MedicationTableViewController.swift in Sources */ = {isa = PBXBuildFile; fileRef = AF278C6A1D0084FC004D085D /* MedicationTableViewController.swift */; };
		AF30FE1C1CFC71AC00C3B7DC /* IdentityViewController.swift in Sources */ = {isa = PBXBuildFile; fileRef = AF30FE1B1CFC71AC00C3B7DC /* IdentityViewController.swift */; };
		AF5BC3F01D1986FA00E76343 /* ActivitiesTableViewController.swift in Sources */ = {isa = PBXBuildFile; fileRef = AF5BC3EF1D1986FA00E76343 /* ActivitiesTableViewController.swift */; };
		AF5BC3F21D19892100E76343 /* ActivityViewController.swift in Sources */ = {isa = PBXBuildFile; fileRef = AF5BC3F11D19892100E76343 /* ActivityViewController.swift */; };
		AF5BC3F41D199F4000E76343 /* ActivityObject.swift in Sources */ = {isa = PBXBuildFile; fileRef = AF5BC3F31D199F4000E76343 /* ActivityObject.swift */; };
		AF5BC3F81D1ABD9B00E76343 /* SWRevealViewController.m in Sources */ = {isa = PBXBuildFile; fileRef = AF5BC3F71D1ABD9B00E76343 /* SWRevealViewController.m */; };
		AF5BC3FC1D1AD59200E76343 /* MenuTableViewController.swift in Sources */ = {isa = PBXBuildFile; fileRef = AF5BC3FB1D1AD59200E76343 /* MenuTableViewController.swift */; };
		AF5BC3FE1D1AD81F00E76343 /* ContactsTableViewController.swift in Sources */ = {isa = PBXBuildFile; fileRef = AF5BC3FD1D1AD81F00E76343 /* ContactsTableViewController.swift */; };
		AF5BC4001D1ADB2D00E76343 /* MenuItems.swift in Sources */ = {isa = PBXBuildFile; fileRef = AF5BC3FF1D1ADB2D00E76343 /* MenuItems.swift */; };
		AFAE103C1CFF88CE00B94C38 /* InsuranceViewController.swift in Sources */ = {isa = PBXBuildFile; fileRef = AFAE103B1CFF88CE00B94C38 /* InsuranceViewController.swift */; };
		AFDB2B111CF5B02300236890 /* AppDelegate.swift in Sources */ = {isa = PBXBuildFile; fileRef = AFDB2B101CF5B02300236890 /* AppDelegate.swift */; };
		AFDB2B181CF5B02300236890 /* Assets.xcassets in Resources */ = {isa = PBXBuildFile; fileRef = AFDB2B171CF5B02300236890 /* Assets.xcassets */; };
		AFDB2B1B1CF5B02300236890 /* LaunchScreen.storyboard in Resources */ = {isa = PBXBuildFile; fileRef = AFDB2B191CF5B02300236890 /* LaunchScreen.storyboard */; };
		AFDB2B271CF5B0D800236890 /* ApiController.swift in Sources */ = {isa = PBXBuildFile; fileRef = AFDB2B261CF5B0D800236890 /* ApiController.swift */; };
		AFDB2B2C1CF5B10300236890 /* Colors.swift in Sources */ = {isa = PBXBuildFile; fileRef = AFDB2B281CF5B10300236890 /* Colors.swift */; };
		AFDB2B2D1CF5B10300236890 /* Constants.swift in Sources */ = {isa = PBXBuildFile; fileRef = AFDB2B291CF5B10300236890 /* Constants.swift */; };
		AFDB2B2E1CF5B10300236890 /* ErrorMessages.swift in Sources */ = {isa = PBXBuildFile; fileRef = AFDB2B2A1CF5B10300236890 /* ErrorMessages.swift */; };
		AFDB2B2F1CF5B10300236890 /* TokenController.swift in Sources */ = {isa = PBXBuildFile; fileRef = AFDB2B2B1CF5B10300236890 /* TokenController.swift */; };
		AFDB2B311CF5B12600236890 /* LoginViewController.swift in Sources */ = {isa = PBXBuildFile; fileRef = AFDB2B301CF5B12600236890 /* LoginViewController.swift */; };
		AFDB2B331CF5B7C600236890 /* SignupViewController.swift in Sources */ = {isa = PBXBuildFile; fileRef = AFDB2B321CF5B7C600236890 /* SignupViewController.swift */; };
		AFDB2B351CF5BCE000236890 /* StartViewController.swift in Sources */ = {isa = PBXBuildFile; fileRef = AFDB2B341CF5BCE000236890 /* StartViewController.swift */; };
		AFDB2B371CF5BFD500236890 /* Api.swift in Sources */ = {isa = PBXBuildFile; fileRef = AFDB2B361CF5BFD500236890 /* Api.swift */; };
		AFDB2B391CF5D14E00236890 /* Main.storyboard in Resources */ = {isa = PBXBuildFile; fileRef = AFDB2B381CF5D14E00236890 /* Main.storyboard */; };
		AFDB2B401CF5E2EB00236890 /* DogViewController.swift in Sources */ = {isa = PBXBuildFile; fileRef = AFDB2B3F1CF5E2EB00236890 /* DogViewController.swift */; };
		AFDB2B421CF5E3C900236890 /* ApplicationSettings.swift in Sources */ = {isa = PBXBuildFile; fileRef = AFDB2B411CF5E3C900236890 /* ApplicationSettings.swift */; };
		AFDB2B441CF5F49B00236890 /* Statuscode.swift in Sources */ = {isa = PBXBuildFile; fileRef = AFDB2B431CF5F49B00236890 /* Statuscode.swift */; };
		AFDB2B4A1CF6F64600236890 /* DogsTableViewController.swift in Sources */ = {isa = PBXBuildFile; fileRef = AFDB2B491CF6F64600236890 /* DogsTableViewController.swift */; };
		AFDB2B4D1CF7096900236890 /* DogObject.swift in Sources */ = {isa = PBXBuildFile; fileRef = AFDB2B4C1CF7096900236890 /* DogObject.swift */; };
		AFDB2B4F1CF71C8200236890 /* ShowDogViewController.swift in Sources */ = {isa = PBXBuildFile; fileRef = AFDB2B4E1CF71C8200236890 /* ShowDogViewController.swift */; };
		AFDB2B531CF72A5A00236890 /* AppearanceObject.swift in Sources */ = {isa = PBXBuildFile; fileRef = AFDB2B521CF72A5A00236890 /* AppearanceObject.swift */; };
		AFDB2B551CF72B2200236890 /* ApperanceViewController.swift in Sources */ = {isa = PBXBuildFile; fileRef = AFDB2B541CF72B2200236890 /* ApperanceViewController.swift */; };
		AFEFA8C11D05735200F883AC /* MedicationViewController.swift in Sources */ = {isa = PBXBuildFile; fileRef = AFEFA8C01D05735200F883AC /* MedicationViewController.swift */; };
		AFEFA8C31D058D0300F883AC /* MedicationObject.swift in Sources */ = {isa = PBXBuildFile; fileRef = AFEFA8C21D058D0300F883AC /* MedicationObject.swift */; };
/* End PBXBuildFile section */

/* Begin PBXFileReference section */
		4B432B444DCEED43E54D8144 /* Pods-Logadog.release.xcconfig */ = {isa = PBXFileReference; includeInIndex = 1; lastKnownFileType = text.xcconfig; name = "Pods-Logadog.release.xcconfig"; path = "Pods/Target Support Files/Pods-Logadog/Pods-Logadog.release.xcconfig"; sourceTree = "<group>"; };
		9932E1B7869A1CD13CB90B4E /* Pods-Logadog.debug.xcconfig */ = {isa = PBXFileReference; includeInIndex = 1; lastKnownFileType = text.xcconfig; name = "Pods-Logadog.debug.xcconfig"; path = "Pods/Target Support Files/Pods-Logadog/Pods-Logadog.debug.xcconfig"; sourceTree = "<group>"; };
		AF278C6A1D0084FC004D085D /* MedicationTableViewController.swift */ = {isa = PBXFileReference; fileEncoding = 4; lastKnownFileType = sourcecode.swift; path = MedicationTableViewController.swift; sourceTree = "<group>"; };
		AF30FE1B1CFC71AC00C3B7DC /* IdentityViewController.swift */ = {isa = PBXFileReference; fileEncoding = 4; lastKnownFileType = sourcecode.swift; path = IdentityViewController.swift; sourceTree = "<group>"; };
		AF5BC3EF1D1986FA00E76343 /* ActivitiesTableViewController.swift */ = {isa = PBXFileReference; fileEncoding = 4; lastKnownFileType = sourcecode.swift; path = ActivitiesTableViewController.swift; sourceTree = "<group>"; };
		AF5BC3F11D19892100E76343 /* ActivityViewController.swift */ = {isa = PBXFileReference; fileEncoding = 4; lastKnownFileType = sourcecode.swift; path = ActivityViewController.swift; sourceTree = "<group>"; };
		AF5BC3F31D199F4000E76343 /* ActivityObject.swift */ = {isa = PBXFileReference; fileEncoding = 4; lastKnownFileType = sourcecode.swift; path = ActivityObject.swift; sourceTree = "<group>"; };
		AF5BC3F51D1ABD9A00E76343 /* Logadog-Bridging-Header.h */ = {isa = PBXFileReference; lastKnownFileType = sourcecode.c.h; path = "Logadog-Bridging-Header.h"; sourceTree = "<group>"; };
		AF5BC3F61D1ABD9B00E76343 /* SWRevealViewController.h */ = {isa = PBXFileReference; fileEncoding = 4; lastKnownFileType = sourcecode.c.h; path = SWRevealViewController.h; sourceTree = "<group>"; };
		AF5BC3F71D1ABD9B00E76343 /* SWRevealViewController.m */ = {isa = PBXFileReference; fileEncoding = 4; lastKnownFileType = sourcecode.c.objc; path = SWRevealViewController.m; sourceTree = "<group>"; };
		AF5BC3FB1D1AD59200E76343 /* MenuTableViewController.swift */ = {isa = PBXFileReference; fileEncoding = 4; lastKnownFileType = sourcecode.swift; path = MenuTableViewController.swift; sourceTree = "<group>"; };
		AF5BC3FD1D1AD81F00E76343 /* ContactsTableViewController.swift */ = {isa = PBXFileReference; fileEncoding = 4; lastKnownFileType = sourcecode.swift; path = ContactsTableViewController.swift; sourceTree = "<group>"; };
		AF5BC3FF1D1ADB2D00E76343 /* MenuItems.swift */ = {isa = PBXFileReference; fileEncoding = 4; lastKnownFileType = sourcecode.swift; path = MenuItems.swift; sourceTree = "<group>"; };
		AFAE103B1CFF88CE00B94C38 /* InsuranceViewController.swift */ = {isa = PBXFileReference; fileEncoding = 4; lastKnownFileType = sourcecode.swift; path = InsuranceViewController.swift; sourceTree = "<group>"; };
		AFDB2B0D1CF5B02300236890 /* Logadog.app */ = {isa = PBXFileReference; explicitFileType = wrapper.application; includeInIndex = 0; path = Logadog.app; sourceTree = BUILT_PRODUCTS_DIR; };
		AFDB2B101CF5B02300236890 /* AppDelegate.swift */ = {isa = PBXFileReference; lastKnownFileType = sourcecode.swift; path = AppDelegate.swift; sourceTree = "<group>"; };
		AFDB2B171CF5B02300236890 /* Assets.xcassets */ = {isa = PBXFileReference; lastKnownFileType = folder.assetcatalog; path = Assets.xcassets; sourceTree = "<group>"; };
		AFDB2B1A1CF5B02300236890 /* Base */ = {isa = PBXFileReference; lastKnownFileType = file.storyboard; name = Base; path = Base.lproj/LaunchScreen.storyboard; sourceTree = "<group>"; };
		AFDB2B1C1CF5B02300236890 /* Info.plist */ = {isa = PBXFileReference; lastKnownFileType = text.plist.xml; path = Info.plist; sourceTree = "<group>"; };
		AFDB2B261CF5B0D800236890 /* ApiController.swift */ = {isa = PBXFileReference; fileEncoding = 4; lastKnownFileType = sourcecode.swift; path = ApiController.swift; sourceTree = "<group>"; };
		AFDB2B281CF5B10300236890 /* Colors.swift */ = {isa = PBXFileReference; fileEncoding = 4; lastKnownFileType = sourcecode.swift; path = Colors.swift; sourceTree = "<group>"; };
		AFDB2B291CF5B10300236890 /* Constants.swift */ = {isa = PBXFileReference; fileEncoding = 4; lastKnownFileType = sourcecode.swift; path = Constants.swift; sourceTree = "<group>"; };
		AFDB2B2A1CF5B10300236890 /* ErrorMessages.swift */ = {isa = PBXFileReference; fileEncoding = 4; lastKnownFileType = sourcecode.swift; path = ErrorMessages.swift; sourceTree = "<group>"; };
		AFDB2B2B1CF5B10300236890 /* TokenController.swift */ = {isa = PBXFileReference; fileEncoding = 4; lastKnownFileType = sourcecode.swift; path = TokenController.swift; sourceTree = "<group>"; };
		AFDB2B301CF5B12600236890 /* LoginViewController.swift */ = {isa = PBXFileReference; fileEncoding = 4; lastKnownFileType = sourcecode.swift; path = LoginViewController.swift; sourceTree = "<group>"; };
		AFDB2B321CF5B7C600236890 /* SignupViewController.swift */ = {isa = PBXFileReference; fileEncoding = 4; lastKnownFileType = sourcecode.swift; path = SignupViewController.swift; sourceTree = "<group>"; };
		AFDB2B341CF5BCE000236890 /* StartViewController.swift */ = {isa = PBXFileReference; fileEncoding = 4; lastKnownFileType = sourcecode.swift; path = StartViewController.swift; sourceTree = "<group>"; };
		AFDB2B361CF5BFD500236890 /* Api.swift */ = {isa = PBXFileReference; fileEncoding = 4; lastKnownFileType = sourcecode.swift; path = Api.swift; sourceTree = "<group>"; };
		AFDB2B381CF5D14E00236890 /* Main.storyboard */ = {isa = PBXFileReference; fileEncoding = 4; lastKnownFileType = file.storyboard; path = Main.storyboard; sourceTree = "<group>"; };
		AFDB2B3F1CF5E2EB00236890 /* DogViewController.swift */ = {isa = PBXFileReference; fileEncoding = 4; lastKnownFileType = sourcecode.swift; path = DogViewController.swift; sourceTree = "<group>"; };
		AFDB2B411CF5E3C900236890 /* ApplicationSettings.swift */ = {isa = PBXFileReference; fileEncoding = 4; lastKnownFileType = sourcecode.swift; path = ApplicationSettings.swift; sourceTree = "<group>"; };
		AFDB2B431CF5F49B00236890 /* Statuscode.swift */ = {isa = PBXFileReference; fileEncoding = 4; lastKnownFileType = sourcecode.swift; path = Statuscode.swift; sourceTree = "<group>"; };
		AFDB2B491CF6F64600236890 /* DogsTableViewController.swift */ = {isa = PBXFileReference; fileEncoding = 4; lastKnownFileType = sourcecode.swift; path = DogsTableViewController.swift; sourceTree = "<group>"; };
		AFDB2B4C1CF7096900236890 /* DogObject.swift */ = {isa = PBXFileReference; fileEncoding = 4; lastKnownFileType = sourcecode.swift; path = DogObject.swift; sourceTree = "<group>"; };
		AFDB2B4E1CF71C8200236890 /* ShowDogViewController.swift */ = {isa = PBXFileReference; fileEncoding = 4; lastKnownFileType = sourcecode.swift; path = ShowDogViewController.swift; sourceTree = "<group>"; };
		AFDB2B521CF72A5A00236890 /* AppearanceObject.swift */ = {isa = PBXFileReference; fileEncoding = 4; lastKnownFileType = sourcecode.swift; path = AppearanceObject.swift; sourceTree = "<group>"; };
		AFDB2B541CF72B2200236890 /* ApperanceViewController.swift */ = {isa = PBXFileReference; fileEncoding = 4; lastKnownFileType = sourcecode.swift; path = ApperanceViewController.swift; sourceTree = "<group>"; };
		AFEFA8C01D05735200F883AC /* MedicationViewController.swift */ = {isa = PBXFileReference; fileEncoding = 4; lastKnownFileType = sourcecode.swift; path = MedicationViewController.swift; sourceTree = "<group>"; };
		AFEFA8C21D058D0300F883AC /* MedicationObject.swift */ = {isa = PBXFileReference; fileEncoding = 4; lastKnownFileType = sourcecode.swift; path = MedicationObject.swift; sourceTree = "<group>"; };
		CA07CBE447803FE19E17AFB2 /* Pods_Logadog.framework */ = {isa = PBXFileReference; explicitFileType = wrapper.framework; includeInIndex = 0; path = Pods_Logadog.framework; sourceTree = BUILT_PRODUCTS_DIR; };
/* End PBXFileReference section */

/* Begin PBXFrameworksBuildPhase section */
		AFDB2B0A1CF5B02300236890 /* Frameworks */ = {
			isa = PBXFrameworksBuildPhase;
			buildActionMask = 2147483647;
			files = (
				07F292B9CE51B3E936688A44 /* Pods_Logadog.framework in Frameworks */,
			);
			runOnlyForDeploymentPostprocessing = 0;
		};
/* End PBXFrameworksBuildPhase section */

/* Begin PBXGroup section */
		18866D32787D5ED6CDC80FD5 /* Pods */ = {
			isa = PBXGroup;
			children = (
				9932E1B7869A1CD13CB90B4E /* Pods-Logadog.debug.xcconfig */,
				4B432B444DCEED43E54D8144 /* Pods-Logadog.release.xcconfig */,
			);
			name = Pods;
			sourceTree = "<group>";
		};
		A6919526492E5D8C1BB91A91 /* Frameworks */ = {
			isa = PBXGroup;
			children = (
				CA07CBE447803FE19E17AFB2 /* Pods_Logadog.framework */,
			);
			name = Frameworks;
			sourceTree = "<group>";
		};
		AF30FE181CFAC66D00C3B7DC /* Start */ = {
			isa = PBXGroup;
			children = (
				AFDB2B341CF5BCE000236890 /* StartViewController.swift */,
				AFDB2B321CF5B7C600236890 /* SignupViewController.swift */,
				AFDB2B301CF5B12600236890 /* LoginViewController.swift */,
			);
			name = Start;
			sourceTree = "<group>";
		};
		AF30FE191CFAC67D00C3B7DC /* Dog */ = {
			isa = PBXGroup;
			children = (
				AFDB2B541CF72B2200236890 /* ApperanceViewController.swift */,
				AFDB2B3F1CF5E2EB00236890 /* DogViewController.swift */,
				AFDB2B491CF6F64600236890 /* DogsTableViewController.swift */,
				AFDB2B4E1CF71C8200236890 /* ShowDogViewController.swift */,
				AF30FE1B1CFC71AC00C3B7DC /* IdentityViewController.swift */,
				AFAE103B1CFF88CE00B94C38 /* InsuranceViewController.swift */,
				AF278C6A1D0084FC004D085D /* MedicationTableViewController.swift */,
				AFEFA8C01D05735200F883AC /* MedicationViewController.swift */,
				AF5BC3EF1D1986FA00E76343 /* ActivitiesTableViewController.swift */,
				AF5BC3F11D19892100E76343 /* ActivityViewController.swift */,
			);
			name = Dog;
			sourceTree = "<group>";
		};
		AFDB2B041CF5B02300236890 = {
			isa = PBXGroup;
			children = (
				AFDB2B0F1CF5B02300236890 /* Logadog */,
				AFDB2B0E1CF5B02300236890 /* Products */,
				18866D32787D5ED6CDC80FD5 /* Pods */,
				A6919526492E5D8C1BB91A91 /* Frameworks */,
			);
			sourceTree = "<group>";
		};
		AFDB2B0E1CF5B02300236890 /* Products */ = {
			isa = PBXGroup;
			children = (
				AFDB2B0D1CF5B02300236890 /* Logadog.app */,
			);
			name = Products;
			sourceTree = "<group>";
		};
		AFDB2B0F1CF5B02300236890 /* Logadog */ = {
			isa = PBXGroup;
			children = (
				AFDB2B381CF5D14E00236890 /* Main.storyboard */,
				AFDB2B221CF5B09800236890 /* Constants */,
				AFDB2B241CF5B0AC00236890 /* Controllers */,
				AFDB2B3A1CF5D32700236890 /* libs */,
				AFDB2B4B1CF7095300236890 /* Objects */,
				AFDB2B231CF5B0A600236890 /* Settings */,
				AFDB2B251CF5B0B200236890 /* Viewcontrollers */,
				AFDB2B101CF5B02300236890 /* AppDelegate.swift */,
				AFDB2B171CF5B02300236890 /* Assets.xcassets */,
				AFDB2B191CF5B02300236890 /* LaunchScreen.storyboard */,
				AFDB2B1C1CF5B02300236890 /* Info.plist */,
			);
			path = Logadog;
			sourceTree = "<group>";
		};
		AFDB2B221CF5B09800236890 /* Constants */ = {
			isa = PBXGroup;
			children = (
				AFDB2B361CF5BFD500236890 /* Api.swift */,
				AFDB2B281CF5B10300236890 /* Colors.swift */,
				AFDB2B291CF5B10300236890 /* Constants.swift */,
				AFDB2B2A1CF5B10300236890 /* ErrorMessages.swift */,
				AFDB2B431CF5F49B00236890 /* Statuscode.swift */,
				AF5BC3FF1D1ADB2D00E76343 /* MenuItems.swift */,
			);
			name = Constants;
			sourceTree = "<group>";
		};
		AFDB2B231CF5B0A600236890 /* Settings */ = {
			isa = PBXGroup;
			children = (
				AFDB2B411CF5E3C900236890 /* ApplicationSettings.swift */,
			);
			name = Settings;
			sourceTree = "<group>";
		};
		AFDB2B241CF5B0AC00236890 /* Controllers */ = {
			isa = PBXGroup;
			children = (
				AFDB2B261CF5B0D800236890 /* ApiController.swift */,
				AFDB2B2B1CF5B10300236890 /* TokenController.swift */,
			);
			name = Controllers;
			sourceTree = "<group>";
		};
		AFDB2B251CF5B0B200236890 /* Viewcontrollers */ = {
			isa = PBXGroup;
			children = (
				AF30FE181CFAC66D00C3B7DC /* Start */,
				AF30FE191CFAC67D00C3B7DC /* Dog */,
				AF5BC3FB1D1AD59200E76343 /* MenuTableViewController.swift */,
				AF5BC3FD1D1AD81F00E76343 /* ContactsTableViewController.swift */,
			);
			name = Viewcontrollers;
			sourceTree = "<group>";
		};
		AFDB2B3A1CF5D32700236890 /* libs */ = {
			isa = PBXGroup;
			children = (
				AF5BC3F61D1ABD9B00E76343 /* SWRevealViewController.h */,
				AF5BC3F71D1ABD9B00E76343 /* SWRevealViewController.m */,
				AF5BC3F51D1ABD9A00E76343 /* Logadog-Bridging-Header.h */,
			);
			name = libs;
			sourceTree = "<group>";
		};
		AFDB2B4B1CF7095300236890 /* Objects */ = {
			isa = PBXGroup;
			children = (
				AFDB2B4C1CF7096900236890 /* DogObject.swift */,
				AFDB2B521CF72A5A00236890 /* AppearanceObject.swift */,
				AFEFA8C21D058D0300F883AC /* MedicationObject.swift */,
				AF5BC3F31D199F4000E76343 /* ActivityObject.swift */,
			);
			name = Objects;
			sourceTree = "<group>";
		};
/* End PBXGroup section */

/* Begin PBXNativeTarget section */
		AFDB2B0C1CF5B02300236890 /* Logadog */ = {
			isa = PBXNativeTarget;
			buildConfigurationList = AFDB2B1F1CF5B02300236890 /* Build configuration list for PBXNativeTarget "Logadog" */;
			buildPhases = (
				D8B11C7C30D3EDAA5CB228E4 /* Check Pods Manifest.lock */,
				AFDB2B091CF5B02300236890 /* Sources */,
				AFDB2B0A1CF5B02300236890 /* Frameworks */,
				AFDB2B0B1CF5B02300236890 /* Resources */,
				9E41FFFF83F6D39617D6E253 /* Embed Pods Frameworks */,
				96AC9484CE8906086065209F /* Copy Pods Resources */,
			);
			buildRules = (
			);
			dependencies = (
			);
			name = Logadog;
			productName = Logadog;
			productReference = AFDB2B0D1CF5B02300236890 /* Logadog.app */;
			productType = "com.apple.product-type.application";
		};
/* End PBXNativeTarget section */

/* Begin PBXProject section */
		AFDB2B051CF5B02300236890 /* Project object */ = {
			isa = PBXProject;
			attributes = {
				LastSwiftUpdateCheck = 0720;
				LastUpgradeCheck = 0720;
				ORGANIZATIONNAME = "Henrik Fogelberg";
				TargetAttributes = {
					AFDB2B0C1CF5B02300236890 = {
						CreatedOnToolsVersion = 7.2.1;
						DevelopmentTeam = 53LFDNJTBE;
					};
				};
			};
			buildConfigurationList = AFDB2B081CF5B02300236890 /* Build configuration list for PBXProject "Logadog" */;
			compatibilityVersion = "Xcode 3.2";
			developmentRegion = English;
			hasScannedForEncodings = 0;
			knownRegions = (
				en,
				Base,
			);
			mainGroup = AFDB2B041CF5B02300236890;
			productRefGroup = AFDB2B0E1CF5B02300236890 /* Products */;
			projectDirPath = "";
			projectRoot = "";
			targets = (
				AFDB2B0C1CF5B02300236890 /* Logadog */,
			);
		};
/* End PBXProject section */

/* Begin PBXResourcesBuildPhase section */
		AFDB2B0B1CF5B02300236890 /* Resources */ = {
			isa = PBXResourcesBuildPhase;
			buildActionMask = 2147483647;
			files = (
				AFDB2B391CF5D14E00236890 /* Main.storyboard in Resources */,
				AFDB2B1B1CF5B02300236890 /* LaunchScreen.storyboard in Resources */,
				AFDB2B181CF5B02300236890 /* Assets.xcassets in Resources */,
			);
			runOnlyForDeploymentPostprocessing = 0;
		};
/* End PBXResourcesBuildPhase section */

/* Begin PBXShellScriptBuildPhase section */
		96AC9484CE8906086065209F /* Copy Pods Resources */ = {
			isa = PBXShellScriptBuildPhase;
			buildActionMask = 2147483647;
			files = (
			);
			inputPaths = (
			);
			name = "Copy Pods Resources";
			outputPaths = (
			);
			runOnlyForDeploymentPostprocessing = 0;
			shellPath = /bin/sh;
			shellScript = "\"${SRCROOT}/Pods/Target Support Files/Pods-Logadog/Pods-Logadog-resources.sh\"\n";
			showEnvVarsInLog = 0;
		};
		9E41FFFF83F6D39617D6E253 /* Embed Pods Frameworks */ = {
			isa = PBXShellScriptBuildPhase;
			buildActionMask = 2147483647;
			files = (
			);
			inputPaths = (
			);
			name = "Embed Pods Frameworks";
			outputPaths = (
			);
			runOnlyForDeploymentPostprocessing = 0;
			shellPath = /bin/sh;
			shellScript = "\"${SRCROOT}/Pods/Target Support Files/Pods-Logadog/Pods-Logadog-frameworks.sh\"\n";
			showEnvVarsInLog = 0;
		};
		D8B11C7C30D3EDAA5CB228E4 /* Check Pods Manifest.lock */ = {
			isa = PBXShellScriptBuildPhase;
			buildActionMask = 2147483647;
			files = (
			);
			inputPaths = (
			);
			name = "Check Pods Manifest.lock";
			outputPaths = (
			);
			runOnlyForDeploymentPostprocessing = 0;
			shellPath = /bin/sh;
			shellScript = "diff \"${PODS_ROOT}/../Podfile.lock\" \"${PODS_ROOT}/Manifest.lock\" > /dev/null\nif [[ $? != 0 ]] ; then\n    cat << EOM\nerror: The sandbox is not in sync with the Podfile.lock. Run 'pod install' or update your CocoaPods installation.\nEOM\n    exit 1\nfi\n";
			showEnvVarsInLog = 0;
		};
/* End PBXShellScriptBuildPhase section */

/* Begin PBXSourcesBuildPhase section */
		AFDB2B091CF5B02300236890 /* Sources */ = {
			isa = PBXSourcesBuildPhase;
			buildActionMask = 2147483647;
			files = (
				AFDB2B4F1CF71C8200236890 /* ShowDogViewController.swift in Sources */,
				AFDB2B421CF5E3C900236890 /* ApplicationSettings.swift in Sources */,
				AF30FE1C1CFC71AC00C3B7DC /* IdentityViewController.swift in Sources */,
				AFDB2B4D1CF7096900236890 /* DogObject.swift in Sources */,
				AFDB2B311CF5B12600236890 /* LoginViewController.swift in Sources */,
				AF5BC3F81D1ABD9B00E76343 /* SWRevealViewController.m in Sources */,
				AF5BC3FE1D1AD81F00E76343 /* ContactsTableViewController.swift in Sources */,
				AFDB2B271CF5B0D800236890 /* ApiController.swift in Sources */,
				AFDB2B531CF72A5A00236890 /* AppearanceObject.swift in Sources */,
				AF5BC3FC1D1AD59200E76343 /* MenuTableViewController.swift in Sources */,
				AFEFA8C11D05735200F883AC /* MedicationViewController.swift in Sources */,
				AF5BC3F21D19892100E76343 /* ActivityViewController.swift in Sources */,
				AFAE103C1CFF88CE00B94C38 /* InsuranceViewController.swift in Sources */,
				AFDB2B331CF5B7C600236890 /* SignupViewController.swift in Sources */,
				AFDB2B4A1CF6F64600236890 /* DogsTableViewController.swift in Sources */,
				AFDB2B2F1CF5B10300236890 /* TokenController.swift in Sources */,
				AFDB2B2C1CF5B10300236890 /* Colors.swift in Sources */,
				AF5BC4001D1ADB2D00E76343 /* MenuItems.swift in Sources */,
				AFDB2B351CF5BCE000236890 /* StartViewController.swift in Sources */,
				AFDB2B111CF5B02300236890 /* AppDelegate.swift in Sources */,
				AFDB2B441CF5F49B00236890 /* Statuscode.swift in Sources */,
				AFDB2B401CF5E2EB00236890 /* DogViewController.swift in Sources */,
				AFDB2B2E1CF5B10300236890 /* ErrorMessages.swift in Sources */,
				AF5BC3F01D1986FA00E76343 /* ActivitiesTableViewController.swift in Sources */,
				AFDB2B371CF5BFD500236890 /* Api.swift in Sources */,
				AF5BC3F41D199F4000E76343 /* ActivityObject.swift in Sources */,
				AFDB2B551CF72B2200236890 /* ApperanceViewController.swift in Sources */,
				AF278C6B1D0084FC004D085D /* MedicationTableViewController.swift in Sources */,
				AFEFA8C31D058D0300F883AC /* MedicationObject.swift in Sources */,
				AFDB2B2D1CF5B10300236890 /* Constants.swift in Sources */,
			);
			runOnlyForDeploymentPostprocessing = 0;
		};
/* End PBXSourcesBuildPhase section */

/* Begin PBXVariantGroup section */
		AFDB2B191CF5B02300236890 /* LaunchScreen.storyboard */ = {
			isa = PBXVariantGroup;
			children = (
				AFDB2B1A1CF5B02300236890 /* Base */,
			);
			name = LaunchScreen.storyboard;
			sourceTree = "<group>";
		};
/* End PBXVariantGroup section */

/* Begin XCBuildConfiguration section */
		AFDB2B1D1CF5B02300236890 /* Debug */ = {
			isa = XCBuildConfiguration;
			buildSettings = {
				ALWAYS_SEARCH_USER_PATHS = NO;
				CLANG_CXX_LANGUAGE_STANDARD = "gnu++0x";
				CLANG_CXX_LIBRARY = "libc++";
				CLANG_ENABLE_MODULES = YES;
				CLANG_ENABLE_OBJC_ARC = YES;
				CLANG_WARN_BOOL_CONVERSION = YES;
				CLANG_WARN_CONSTANT_CONVERSION = YES;
				CLANG_WARN_DIRECT_OBJC_ISA_USAGE = YES_ERROR;
				CLANG_WARN_EMPTY_BODY = YES;
				CLANG_WARN_ENUM_CONVERSION = YES;
				CLANG_WARN_INT_CONVERSION = YES;
				CLANG_WARN_OBJC_ROOT_CLASS = YES_ERROR;
				CLANG_WARN_UNREACHABLE_CODE = YES;
				CLANG_WARN__DUPLICATE_METHOD_MATCH = YES;
				"CODE_SIGN_IDENTITY[sdk=iphoneos*]" = "iPhone Developer";
				COPY_PHASE_STRIP = NO;
				DEBUG_INFORMATION_FORMAT = dwarf;
				ENABLE_STRICT_OBJC_MSGSEND = YES;
				ENABLE_TESTABILITY = YES;
				GCC_C_LANGUAGE_STANDARD = gnu99;
				GCC_DYNAMIC_NO_PIC = NO;
				GCC_NO_COMMON_BLOCKS = YES;
				GCC_OPTIMIZATION_LEVEL = 0;
				GCC_PREPROCESSOR_DEFINITIONS = (
					"DEBUG=1",
					"$(inherited)",
				);
				GCC_WARN_64_TO_32_BIT_CONVERSION = YES;
				GCC_WARN_ABOUT_RETURN_TYPE = YES_ERROR;
				GCC_WARN_UNDECLARED_SELECTOR = YES;
				GCC_WARN_UNINITIALIZED_AUTOS = YES_AGGRESSIVE;
				GCC_WARN_UNUSED_FUNCTION = YES;
				GCC_WARN_UNUSED_VARIABLE = YES;
				IPHONEOS_DEPLOYMENT_TARGET = 9.2;
				MTL_ENABLE_DEBUG_INFO = YES;
				ONLY_ACTIVE_ARCH = YES;
				SDKROOT = iphoneos;
				SWIFT_OPTIMIZATION_LEVEL = "-Onone";
				TARGETED_DEVICE_FAMILY = "1,2";
			};
			name = Debug;
		};
		AFDB2B1E1CF5B02300236890 /* Release */ = {
			isa = XCBuildConfiguration;
			buildSettings = {
				ALWAYS_SEARCH_USER_PATHS = NO;
				CLANG_CXX_LANGUAGE_STANDARD = "gnu++0x";
				CLANG_CXX_LIBRARY = "libc++";
				CLANG_ENABLE_MODULES = YES;
				CLANG_ENABLE_OBJC_ARC = YES;
				CLANG_WARN_BOOL_CONVERSION = YES;
				CLANG_WARN_CONSTANT_CONVERSION = YES;
				CLANG_WARN_DIRECT_OBJC_ISA_USAGE = YES_ERROR;
				CLANG_WARN_EMPTY_BODY = YES;
				CLANG_WARN_ENUM_CONVERSION = YES;
				CLANG_WARN_INT_CONVERSION = YES;
				CLANG_WARN_OBJC_ROOT_CLASS = YES_ERROR;
				CLANG_WARN_UNREACHABLE_CODE = YES;
				CLANG_WARN__DUPLICATE_METHOD_MATCH = YES;
				"CODE_SIGN_IDENTITY[sdk=iphoneos*]" = "iPhone Developer";
				COPY_PHASE_STRIP = NO;
				DEBUG_INFORMATION_FORMAT = "dwarf-with-dsym";
				ENABLE_NS_ASSERTIONS = NO;
				ENABLE_STRICT_OBJC_MSGSEND = YES;
				GCC_C_LANGUAGE_STANDARD = gnu99;
				GCC_NO_COMMON_BLOCKS = YES;
				GCC_WARN_64_TO_32_BIT_CONVERSION = YES;
				GCC_WARN_ABOUT_RETURN_TYPE = YES_ERROR;
				GCC_WARN_UNDECLARED_SELECTOR = YES;
				GCC_WARN_UNINITIALIZED_AUTOS = YES_AGGRESSIVE;
				GCC_WARN_UNUSED_FUNCTION = YES;
				GCC_WARN_UNUSED_VARIABLE = YES;
				IPHONEOS_DEPLOYMENT_TARGET = 9.2;
				MTL_ENABLE_DEBUG_INFO = NO;
				SDKROOT = iphoneos;
				TARGETED_DEVICE_FAMILY = "1,2";
				VALIDATE_PRODUCT = YES;
			};
			name = Release;
		};
		AFDB2B201CF5B02300236890 /* Debug */ = {
			isa = XCBuildConfiguration;
			baseConfigurationReference = 9932E1B7869A1CD13CB90B4E /* Pods-Logadog.debug.xcconfig */;
			buildSettings = {
				ASSETCATALOG_COMPILER_APPICON_NAME = AppIcon;
				CLANG_ENABLE_MODULES = YES;
				INFOPLIST_FILE = Logadog/Info.plist;
				LD_RUNPATH_SEARCH_PATHS = "$(inherited) @executable_path/Frameworks";
				PRODUCT_BUNDLE_IDENTIFIER = es.islandsapps.Logadog;
				PRODUCT_NAME = "$(TARGET_NAME)";
				SWIFT_OBJC_BRIDGING_HEADER = "Logadog/Logadog-Bridging-Header.h";
				SWIFT_OPTIMIZATION_LEVEL = "-Onone";
			};
			name = Debug;
		};
		AFDB2B211CF5B02300236890 /* Release */ = {
			isa = XCBuildConfiguration;
			baseConfigurationReference = 4B432B444DCEED43E54D8144 /* Pods-Logadog.release.xcconfig */;
			buildSettings = {
				ASSETCATALOG_COMPILER_APPICON_NAME = AppIcon;
				CLANG_ENABLE_MODULES = YES;
				INFOPLIST_FILE = Logadog/Info.plist;
				LD_RUNPATH_SEARCH_PATHS = "$(inherited) @executable_path/Frameworks";
				PRODUCT_BUNDLE_IDENTIFIER = es.islandsapps.Logadog;
				PRODUCT_NAME = "$(TARGET_NAME)";
				SWIFT_OBJC_BRIDGING_HEADER = "Logadog/Logadog-Bridging-Header.h";
			};
			name = Release;
		};
/* End XCBuildConfiguration section */

/* Begin XCConfigurationList section */
		AFDB2B081CF5B02300236890 /* Build configuration list for PBXProject "Logadog" */ = {
			isa = XCConfigurationList;
			buildConfigurations = (
				AFDB2B1D1CF5B02300236890 /* Debug */,
				AFDB2B1E1CF5B02300236890 /* Release */,
			);
			defaultConfigurationIsVisible = 0;
			defaultConfigurationName = Release;
		};
		AFDB2B1F1CF5B02300236890 /* Build configuration list for PBXNativeTarget "Logadog" */ = {
			isa = XCConfigurationList;
			buildConfigurations = (
				AFDB2B201CF5B02300236890 /* Debug */,
				AFDB2B211CF5B02300236890 /* Release */,
			);
			defaultConfigurationIsVisible = 0;
			defaultConfigurationName = Release;
		};
/* End XCConfigurationList section */
	};
	rootObject = AFDB2B051CF5B02300236890 /* Project object */;
}
